
Microsoft Visual Studio Solution File, Format Version 12.00
# Visual Studio Version 17
VisualStudioVersion = 17.13.35828.75 d17.13
MinimumVisualStudioVersion = 10.0.40219.1
Project("{FAE04EC0-301F-11D3-BF4B-00C04F79EFBC}") = "GitHubActivity", "GitHubActivity.csproj", "{67624EB1-EC9A-4566-BC5A-30EE4BFB76BA}"
EndProject
Global
	GlobalSection(SolutionConfigurationPlatforms) = preSolution
		Debug|Any CPU = Debug|Any CPU
		Release|Any CPU = Release|Any CPU
	EndGlobalSection
	GlobalSection(ProjectConfigurationPlatforms) = postSolution
		{67624EB1-EC9A-4566-BC5A-30EE4BFB76BA}.Debug|Any CPU.ActiveCfg = Debug|Any CPU
		{67624EB1-EC9A-4566-BC5A-30EE4BFB76BA}.Debug|Any CPU.Build.0 = Debug|Any CPU
		{67624EB1-EC9A-4566-BC5A-30EE4BFB76BA}.Release|Any CPU.ActiveCfg = Release|Any CPU
		{67624EB1-EC9A-4566-BC5A-30EE4BFB76BA}.Release|Any CPU.Build.0 = Release|Any CPU
	EndGlobalSection
	GlobalSection(SolutionProperties) = preSolution
		HideSolutionNode = FALSE
	EndGlobalSection
	GlobalSection(ExtensibilityGlobals) = postSolution
		SolutionGuid = {4EBF3CE1-A8B4-4AD1-8E2E-F8AAD3BB148E}
	EndGlobalSection
EndGlobal
